
Microsoft Visual Studio Solution File, Format Version 12.00
# Visual Studio Version 16
VisualStudioVersion = 16.0.31112.23
MinimumVisualStudioVersion = 10.0.40219.1
Project("{FAE04EC0-301F-11D3-BF4B-00C04F79EFBC}") = "Homework5", "Homework5\Homework5.csproj", "{D05961EC-B18E-4BB1-901D-4B41E5543B65}"
EndProject
Global
	GlobalSection(SolutionConfigurationPlatforms) = preSolution
		Debug|Any CPU = Debug|Any CPU
		Release|Any CPU = Release|Any CPU
	EndGlobalSection
	GlobalSection(ProjectConfigurationPlatforms) = postSolution
		{D05961EC-B18E-4BB1-901D-4B41E5543B65}.Debug|Any CPU.ActiveCfg = Debug|Any CPU
		{D05961EC-B18E-4BB1-901D-4B41E5543B65}.Debug|Any CPU.Build.0 = Debug|Any CPU
		{D05961EC-B18E-4BB1-901D-4B41E5543B65}.Release|Any CPU.ActiveCfg = Release|Any CPU
		{D05961EC-B18E-4BB1-901D-4B41E5543B65}.Release|Any CPU.Build.0 = Release|Any CPU
	EndGlobalSection
	GlobalSection(SolutionProperties) = preSolution
		HideSolutionNode = FALSE
	EndGlobalSection
	GlobalSection(ExtensibilityGlobals) = postSolution
		SolutionGuid = {38782C45-AFA7-481E-963E-C3969BAD8A51}
	EndGlobalSection
EndGlobal
