
Microsoft Visual Studio Solution File, Format Version 12.00
# Visual Studio Version 16
VisualStudioVersion = 16.0.31112.23
MinimumVisualStudioVersion = 10.0.40219.1
Project("{FAE04EC0-301F-11D3-BF4B-00C04F79EFBC}") = "Homework_algs3", "Homework_algs3\Homework_algs3.csproj", "{A5362F68-E58F-4F40-B6B9-E8086F3285D1}"
EndProject
Global
	GlobalSection(SolutionConfigurationPlatforms) = preSolution
		Debug|Any CPU = Debug|Any CPU
		Release|Any CPU = Release|Any CPU
	EndGlobalSection
	GlobalSection(ProjectConfigurationPlatforms) = postSolution
		{A5362F68-E58F-4F40-B6B9-E8086F3285D1}.Debug|Any CPU.ActiveCfg = Release|Any CPU
		{A5362F68-E58F-4F40-B6B9-E8086F3285D1}.Debug|Any CPU.Build.0 = Release|Any CPU
		{A5362F68-E58F-4F40-B6B9-E8086F3285D1}.Release|Any CPU.ActiveCfg = Release|Any CPU
		{A5362F68-E58F-4F40-B6B9-E8086F3285D1}.Release|Any CPU.Build.0 = Release|Any CPU
	EndGlobalSection
	GlobalSection(SolutionProperties) = preSolution
		HideSolutionNode = FALSE
	EndGlobalSection
	GlobalSection(ExtensibilityGlobals) = postSolution
		SolutionGuid = {6116FC7A-AEFB-4FB4-97A3-4B5AB269AF05}
	EndGlobalSection
EndGlobal
