
Microsoft Visual Studio Solution File, Format Version 12.00
# Visual Studio Version 16
VisualStudioVersion = 16.0.31112.23
MinimumVisualStudioVersion = 10.0.40219.1
Project("{FAE04EC0-301F-11D3-BF4B-00C04F79EFBC}") = "Final", "Final\Final.csproj", "{77DF837E-50C8-4868-8E79-62C199E25C1B}"
EndProject
Global
	GlobalSection(SolutionConfigurationPlatforms) = preSolution
		Debug|Any CPU = Debug|Any CPU
		Release|Any CPU = Release|Any CPU
	EndGlobalSection
	GlobalSection(ProjectConfigurationPlatforms) = postSolution
		{77DF837E-50C8-4868-8E79-62C199E25C1B}.Debug|Any CPU.ActiveCfg = Debug|Any CPU
		{77DF837E-50C8-4868-8E79-62C199E25C1B}.Debug|Any CPU.Build.0 = Debug|Any CPU
		{77DF837E-50C8-4868-8E79-62C199E25C1B}.Release|Any CPU.ActiveCfg = Release|Any CPU
		{77DF837E-50C8-4868-8E79-62C199E25C1B}.Release|Any CPU.Build.0 = Release|Any CPU
	EndGlobalSection
	GlobalSection(SolutionProperties) = preSolution
		HideSolutionNode = FALSE
	EndGlobalSection
	GlobalSection(ExtensibilityGlobals) = postSolution
		SolutionGuid = {DE3B2A7B-C175-48C7-9DEC-28D29B7F2D28}
	EndGlobalSection
EndGlobal
